
Microsoft Visual Studio Solution File, Format Version 12.00
# Visual Studio Version 17
VisualStudioVersion = 17.7.34221.43
MinimumVisualStudioVersion = 10.0.40219.1
Project("{FAE04EC0-301F-11D3-BF4B-00C04F79EFBC}") = "PyNet", "PyNet\PyNet.csproj", "{03647280-036D-4465-B869-A9CB88D12C69}"
EndProject
Project("{FAE04EC0-301F-11D3-BF4B-00C04F79EFBC}") = "PyNetConsoleTest", "PyNetConsoleTest\PyNetConsoleTest.csproj", "{D873CA95-D0DC-448F-BC06-2D541D0825CC}"
EndProject
Global
	GlobalSection(SolutionConfigurationPlatforms) = preSolution
		Debug|Any CPU = Debug|Any CPU
		Release|Any CPU = Release|Any CPU
	EndGlobalSection
	GlobalSection(ProjectConfigurationPlatforms) = postSolution
		{03647280-036D-4465-B869-A9CB88D12C69}.Debug|Any CPU.ActiveCfg = Debug|Any CPU
		{03647280-036D-4465-B869-A9CB88D12C69}.Debug|Any CPU.Build.0 = Debug|Any CPU
		{03647280-036D-4465-B869-A9CB88D12C69}.Release|Any CPU.ActiveCfg = Release|Any CPU
		{03647280-036D-4465-B869-A9CB88D12C69}.Release|Any CPU.Build.0 = Release|Any CPU
		{D873CA95-D0DC-448F-BC06-2D541D0825CC}.Debug|Any CPU.ActiveCfg = Debug|Any CPU
		{D873CA95-D0DC-448F-BC06-2D541D0825CC}.Debug|Any CPU.Build.0 = Debug|Any CPU
		{D873CA95-D0DC-448F-BC06-2D541D0825CC}.Release|Any CPU.ActiveCfg = Release|Any CPU
		{D873CA95-D0DC-448F-BC06-2D541D0825CC}.Release|Any CPU.Build.0 = Release|Any CPU
	EndGlobalSection
	GlobalSection(SolutionProperties) = preSolution
		HideSolutionNode = FALSE
	EndGlobalSection
	GlobalSection(ExtensibilityGlobals) = postSolution
		SolutionGuid = {5298DD71-B078-4F66-99F9-A68EE45D313F}
	EndGlobalSection
EndGlobal
